<?xml version="1.0" encoding="utf-8"?>
<Project ToolsVersion="4.0" xmlns="http://schemas.microsoft.com/developer/msbuild/2003">
  <ItemGroup>
    <Filter Include="源文件">
      <UniqueIdentifier>{4FC737F1-C7A5-4376-A066-2A32D752A2FF}</UniqueIdentifier>
      <Extensions>cpp;c;cc;cxx;def;odl;idl;hpj;bat;asm;asmx</Extensions>
    </Filter>
    <Filter Include="资源文件">
      <UniqueIdentifier>{67DA6AB6-F800-4c08-8B7A-83BB121AAD01}</UniqueIdentifier>
      <Extensions>rc;ico;cur;bmp;dlg;rc2;rct;bin;rgs;gif;jpg;jpeg;jpe;resx;tiff;tif;png;wav;mfcribbon-ms</Extensions>
    </Filter>
    <Filter Include="源文件\engine">
      <UniqueIdentifier>{83dd2110-e3c3-464b-8f9f-6469917fee31}</UniqueIdentifier>
    </Filter>
    <Filter Include="源文件\render">
      <UniqueIdentifier>{b9051a3d-0c9f-4f1d-b006-844084c184fe}</UniqueIdentifier>
    </Filter>
    <Filter Include="源文件\common">
      <UniqueIdentifier>{7966b5c3-e089-4a0e-8305-4d11ff66da76}</UniqueIdentifier>
    </Filter>
  </ItemGroup>
  <ItemGroup>
    <ClCompile Include="..\src\main.cpp">
      <Filter>源文件</Filter>
    </ClCompile>
    <ClCompile Include="..\src\engine\camera.cpp">
      <Filter>源文件\engine</Filter>
    </ClCompile>
    <ClCompile Include="..\src\engine\engine.cpp">
      <Filter>源文件\engine</Filter>
    </ClCompile>
    <ClCompile Include="..\dev\include\glad.c">
      <Filter>源文件\common</Filter>
    </ClCompile>
    <ClCompile Include="..\src\render\shader.cpp">
      <Filter>源文件\render</Filter>
    </ClCompile>
    <ClCompile Include="..\src\render\texture.cpp">
      <Filter>源文件\render</Filter>
    </ClCompile>
    <ClCompile Include="..\src\render\render.cpp">
      <Filter>源文件\render</Filter>
    </ClCompile>
    <ClCompile Include="..\src\render\render_object.cpp">
      <Filter>源文件\render</Filter>
    </ClCompile>
    <ClCompile Include="..\src\render\texture_manager.cpp">
      <Filter>源文件\render</Filter>
    </ClCompile>
    <ClCompile Include="..\src\render\shader_manager.cpp">
      <Filter>源文件\render</Filter>
    </ClCompile>
    <ClCompile Include="..\src\common\lib_utils.cpp">
      <Filter>源文件\common</Filter>
    </ClCompile>
    <ClCompile Include="..\src\common\json_load.cpp">
      <Filter>源文件\common</Filter>
    </ClCompile>
    <ClCompile Include="..\src\render\model.cpp">
      <Filter>源文件</Filter>
    </ClCompile>
    <ClCompile Include="..\src\render\model_manager.cpp">
      <Filter>源文件\render</Filter>
    </ClCompile>
  </ItemGroup>
  <ItemGroup>
    <ClInclude Include="..\src\common\math.h">
      <Filter>源文件\common</Filter>
    </ClInclude>
    <ClInclude Include="..\src\engine\camera.h">
      <Filter>源文件\engine</Filter>
    </ClInclude>
    <ClInclude Include="..\src\engine\engine.h">
      <Filter>源文件\engine</Filter>
    </ClInclude>
    <ClInclude Include="..\src\common\singleton.h">
      <Filter>源文件\common</Filter>
    </ClInclude>
    <ClInclude Include="..\src\render\shader.h">
      <Filter>源文件\render</Filter>
    </ClInclude>
    <ClInclude Include="..\src\render\texture.h">
      <Filter>源文件\render</Filter>
    </ClInclude>
    <ClInclude Include="..\src\render\render.h">
      <Filter>源文件\render</Filter>
    </ClInclude>
    <ClInclude Include="..\src\render\render_object.h">
      <Filter>源文件\render</Filter>
    </ClInclude>
    <ClInclude Include="..\src\render\texture_manager.h">
      <Filter>源文件\render</Filter>
    </ClInclude>
    <ClInclude Include="..\src\render\shader_manager.h">
      <Filter>源文件\render</Filter>
    </ClInclude>
    <ClInclude Include="..\src\common\lib_utils.h">
      <Filter>源文件\common</Filter>
    </ClInclude>
    <ClInclude Include="..\src\common\json_load.h">
      <Filter>源文件\common</Filter>
    </ClInclude>
    <ClInclude Include="..\src\render\model.h" />
    <ClInclude Include="..\src\render\model_manager.h">
      <Filter>源文件\render</Filter>
    </ClInclude>
  </ItemGroup>
  <ItemGroup>
    <Image Include="..\asset\light\container2.png">
      <Filter>资源文件</Filter>
    </Image>
    <Image Include="..\asset\light\container2_specular.png">
      <Filter>资源文件</Filter>
    </Image>
  </ItemGroup>
  <ItemGroup>
    <None Include="..\asset\light\light_fragmentShader.fs">
      <Filter>资源文件</Filter>
    </None>
    <None Include="..\asset\light\light_fragmentShader2.fs">
      <Filter>资源文件</Filter>
    </None>
    <None Include="..\asset\light\light_vertexShader.vs">
      <Filter>资源文件</Filter>
    </None>
    <None Include="..\asset\light\light_vertexShader2.vs">
      <Filter>资源文件</Filter>
    </None>
  </ItemGroup>
</Project>